{
  "name": "min-node",
  "lockfileVersion": 3,
  "requires": true,
  "packages": {
    "": {
      "dependencies": {
        "@deno/kv": "^0.6.1"
      }
    },
    "node_modules/@deno/kv": {
      "version": "0.6.1",
      "resolved": "https://registry.npmjs.org/@deno/kv/-/kv-0.6.1.tgz",
      "integrity": "sha512-bsZhBTk4CFhS4lMZxHgPGd5cRgRpvxQOT4YEJbSwhKI9mX+iy6r8cB3LZoWsH0iueKkWHijToHGPBlTkiQ2R1A==",
      "optionalDependencies": {
        "@deno/kv-darwin-arm64": "0.6.1",
        "@deno/kv-darwin-x64": "0.6.1",
        "@deno/kv-linux-x64-gnu": "0.6.1",
        "@deno/kv-win32-x64-msvc": "0.6.1"
      }
    },
    "node_modules/@deno/kv-darwin-arm64": {
      "version": "0.6.1",
      "resolved": "https://registry.npmjs.org/@deno/kv-darwin-arm64/-/kv-darwin-arm64-0.6.1.tgz",
      "integrity": "sha512-lPaYoI4FUwAASAD4SC8E3Z4Xx8hJaCFOzuzuRxkn0TeQfW85L6wx+3WVKp7xBDmh3IztSxBZjTqJFQlWs+Fpvw==",
      "cpu": [
        "arm64"
      ],
      "optional": true,
      "os": [
        "darwin"
      ],
      "engines": {
        "node": ">= 18"
      }
    },
    "node_modules/@deno/kv-darwin-x64": {
      "version": "0.6.1",
      "resolved": "https://registry.npmjs.org/@deno/kv-darwin-x64/-/kv-darwin-x64-0.6.1.tgz",
      "integrity": "sha512-CfA1R0wUDE0D1o4niaGMINLjrBiqc3K1LQ2P0yR9yPmhPv2SsyrAqPFkzOkFom1/d5B5xlPuy9HwMSYrhmNHMg==",
      "cpu": [
        "x64"
      ],
      "optional": true,
      "os": [
        "darwin"
      ],
      "engines": {
        "node": ">= 18"
      }
    },
    "node_modules/@deno/kv-linux-x64-gnu": {
      "version": "0.6.1",
      "resolved": "https://registry.npmjs.org/@deno/kv-linux-x64-gnu/-/kv-linux-x64-gnu-0.6.1.tgz",
      "integrity": "sha512-g/Ix9VIEpp9beBKVzSxu9nTk9WujbfOZedZ8wRKl6VBBesQu4VCg0X3zAw1bBTiDn7RsfBdMNQXBUCKWHp/JvQ==",
      "cpu": [
        "x64"
      ],
      "optional": true,
      "os": [
        "linux"
      ],
      "engines": {
        "node": ">= 18"
      }
    },
    "node_modules/@deno/kv-win32-x64-msvc": {
      "version": "0.6.1",
      "resolved": "https://registry.npmjs.org/@deno/kv-win32-x64-msvc/-/kv-win32-x64-msvc-0.6.1.tgz",
      "integrity": "sha512-6YcAh5YvcTz0XCZlY1psFpEeDrOzjUpysTbuLhYm0WtrK6iZ5mgm6ZI0R/pGA1pjhPG+DGU8BGF8Ws2wZiBfyA==",
      "cpu": [
        "x64"
      ],
      "optional": true,
      "os": [
        "win32"
      ],
      "engines": {
        "node": ">= 18"
      }
    }
  }
}
